{
  "name": "markdown-themeable-pdf",
  "version": "2.0.0-dev",
  "lockfileVersion": 1,
  "requires": true,
  "dependencies": {
    "@types/node": {
      "version": "9.4.6",
      "resolved": "https://registry.npmjs.org/@types/node/-/node-9.4.6.tgz",
      "integrity": "sha1-2Bdthk7kh1PQU3g+TkY67Ia42C4="
    },
    "ajv": {
      "version": "5.5.2",
      "resolved": "https://registry.npmjs.org/ajv/-/ajv-5.5.2.tgz",
      "integrity": "sha1-c7Xuyj+rZT49P5Qis0GtQiBdyWU=",
      "requires": {
        "co": "4.6.0",
        "fast-deep-equal": "1.1.0",
        "fast-json-stable-stringify": "2.0.0",
        "json-schema-traverse": "0.3.1"
      }
    },
    "argparse": {
      "version": "1.0.10",
      "resolved": "https://registry.npmjs.org/argparse/-/argparse-1.0.10.tgz",
      "integrity": "sha1-vNZ5HqWuCXJeF+WtmIE0zUCz2RE=",
      "requires": {
        "sprintf-js": "1.0.3"
      }
    },
    "asn1": {
      "version": "0.2.3",
      "resolved": "https://registry.npmjs.org/asn1/-/asn1-0.2.3.tgz",
      "integrity": "sha1-2sh4dxPJlmhJ/IGAd36+nB3fO4Y="
    },
    "assert-plus": {
      "version": "1.0.0",
      "resolved": "https://registry.npmjs.org/assert-plus/-/assert-plus-1.0.0.tgz",
      "integrity": "sha1-8S4PPF13sLHN2RRpQuTpbB5N1SU="
    },
    "asynckit": {
      "version": "0.4.0",
      "resolved": "https://registry.npmjs.org/asynckit/-/asynckit-0.4.0.tgz",
      "integrity": "sha1-x57Zf380y48robyXkLzDZkdLS3k="
    },
    "aws-sign2": {
      "version": "0.7.0",
      "resolved": "https://registry.npmjs.org/aws-sign2/-/aws-sign2-0.7.0.tgz",
      "integrity": "sha1-tG6JCTSpWR8tL2+G1+ap8bP+dqg="
    },
    "aws4": {
      "version": "1.6.0",
      "resolved": "https://registry.npmjs.org/aws4/-/aws4-1.6.0.tgz",
      "integrity": "sha1-g+9cqGCysy5KDe7e6MdxudtXRx4="
    },
    "balanced-match": {
      "version": "1.0.0",
      "resolved": "https://registry.npmjs.org/balanced-match/-/balanced-match-1.0.0.tgz",
      "integrity": "sha1-ibTRmasr7kneFk6gK4nORi1xt2c="
    },
    "bcrypt-pbkdf": {
      "version": "1.0.1",
      "resolved": "https://registry.npmjs.org/bcrypt-pbkdf/-/bcrypt-pbkdf-1.0.1.tgz",
      "integrity": "sha1-Y7xdy2EzG5K8Bf1SiVPDNGKgb40=",
      "optional": true,
      "requires": {
        "tweetnacl": "0.14.5"
      }
    },
    "boolbase": {
      "version": "1.0.0",
      "resolved": "https://registry.npmjs.org/boolbase/-/boolbase-1.0.0.tgz",
      "integrity": "sha1-aN/1++YMUes3cl6p4+0xDcwed24="
    },
    "boom": {
      "version": "4.3.1",
      "resolved": "https://registry.npmjs.org/boom/-/boom-4.3.1.tgz",
      "integrity": "sha1-T4owBctKfjiJ90kDD9JbluAdLjE=",
      "requires": {
        "hoek": "4.2.1"
      }
    },
    "bootstrap": {
      "version": "4.0.0",
      "resolved": "https://registry.npmjs.org/bootstrap/-/bootstrap-4.0.0.tgz",
      "integrity": "sha512-gulJE5dGFo6Q61V/whS6VM4WIyrlydXfCgkE+Gxe5hjrJ8rXLLZlALq7zq2RPhOc45PSwQpJkrTnc2KgD6cvmA=="
    },
    "brace-expansion": {
      "version": "1.1.11",
      "resolved": "https://registry.npmjs.org/brace-expansion/-/brace-expansion-1.1.11.tgz",
      "integrity": "sha1-PH/L9SnYcibz0vUrlm/1Jx60Qd0=",
      "requires": {
        "balanced-match": "1.0.0",
        "concat-map": "0.0.1"
      }
    },
    "caseless": {
      "version": "0.12.0",
      "resolved": "https://registry.npmjs.org/caseless/-/caseless-0.12.0.tgz",
      "integrity": "sha1-G2gcIf+EAzyCZUMJBolCDRhxUdw="
    },
    "charset-detector": {
      "version": "0.0.2",
      "resolved": "https://registry.npmjs.org/charset-detector/-/charset-detector-0.0.2.tgz",
      "integrity": "sha1-HNXdr1boMlnG746QbM8G91/pobI="
    },
    "cheerio": {
      "version": "1.0.0-rc.2",
      "resolved": "https://registry.npmjs.org/cheerio/-/cheerio-1.0.0-rc.2.tgz",
      "integrity": "sha1-S59TqBsn5NXawxwP/Qz6A8xoMNs=",
      "requires": {
        "css-select": "1.2.0",
        "dom-serializer": "0.1.0",
        "entities": "1.1.1",
        "htmlparser2": "3.9.2",
        "lodash": "4.17.5",
        "parse5": "3.0.3"
      }
    },
    "clone": {
      "version": "2.1.1",
      "resolved": "https://registry.npmjs.org/clone/-/clone-2.1.1.tgz",
      "integrity": "sha1-0hfR6WERjjrJpLi7oyhVU79kfNs="
    },
    "co": {
      "version": "4.6.0",
      "resolved": "https://registry.npmjs.org/co/-/co-4.6.0.tgz",
      "integrity": "sha1-bqa989hTrlTMuOR7+gvz+QMfsYQ="
    },
    "combined-stream": {
      "version": "1.0.6",
      "resolved": "https://registry.npmjs.org/combined-stream/-/combined-stream-1.0.6.tgz",
      "integrity": "sha1-cj599ugBrFYTETp+RFqbactjKBg=",
      "requires": {
        "delayed-stream": "1.0.0"
      }
    },
    "concat-map": {
      "version": "0.0.1",
      "resolved": "https://registry.npmjs.org/concat-map/-/concat-map-0.0.1.tgz",
      "integrity": "sha1-2Klr13/Wjfd5OnMDajug1UBdR3s="
    },
    "concat-stream": {
      "version": "1.6.0",
      "resolved": "https://registry.npmjs.org/concat-stream/-/concat-stream-1.6.0.tgz",
      "integrity": "sha1-CqxmL9Ur54lk1VMvaUeE5wEQrPc=",
      "requires": {
        "inherits": "2.0.3",
        "readable-stream": "2.3.5",
        "typedarray": "0.0.6"
      }
    },
    "core-util-is": {
      "version": "1.0.2",
      "resolved": "https://registry.npmjs.org/core-util-is/-/core-util-is-1.0.2.tgz",
      "integrity": "sha1-tf1UIgqivFq1eqtxQMlAdUUDwac="
    },
    "cryptiles": {
      "version": "3.1.2",
      "resolved": "https://registry.npmjs.org/cryptiles/-/cryptiles-3.1.2.tgz",
      "integrity": "sha1-qJ+7Ig9c4l7FboxKqKT9e1sNKf4=",
      "requires": {
        "boom": "5.2.0"
      },
      "dependencies": {
        "boom": {
          "version": "5.2.0",
          "resolved": "https://registry.npmjs.org/boom/-/boom-5.2.0.tgz",
          "integrity": "sha512-Z5BTk6ZRe4tXXQlkqftmsAUANpXmuwlsF5Oov8ThoMbQRzdGTA1ngYRW160GexgOgjsFOKJz0LYhoNi+2AMBUw==",
          "requires": {
            "hoek": "4.2.1"
          }
        }
      }
    },
    "css-select": {
      "version": "1.2.0",
      "resolved": "https://registry.npmjs.org/css-select/-/css-select-1.2.0.tgz",
      "integrity": "sha1-KzoRBTnFNV8c2NMUYj6HCxIeyFg=",
      "requires": {
        "boolbase": "1.0.0",
        "css-what": "2.1.0",
        "domutils": "1.5.1",
        "nth-check": "1.0.1"
      }
    },
    "css-what": {
      "version": "2.1.0",
      "resolved": "https://registry.npmjs.org/css-what/-/css-what-2.1.0.tgz",
      "integrity": "sha1-lGfQMsOM+u+58teVASUwYvh/ob0="
    },
    "dashdash": {
      "version": "1.14.1",
      "resolved": "https://registry.npmjs.org/dashdash/-/dashdash-1.14.1.tgz",
      "integrity": "sha1-hTz6D3y+L+1d4gMmuN1YEDX24vA=",
      "requires": {
        "assert-plus": "1.0.0"
      }
    },
    "debug": {
      "version": "2.6.9",
      "resolved": "https://registry.npmjs.org/debug/-/debug-2.6.9.tgz",
      "integrity": "sha512-bC7ElrdJaJnPbAP+1EotYvqZsb3ecl5wi6Bfi6BJTUcNowp6cvspg0jXznRTKDjm/E7AdgFBVeAPVMNcKGsHMA==",
      "requires": {
        "ms": "2.0.0"
      }
    },
    "delayed-stream": {
      "version": "1.0.0",
      "resolved": "https://registry.npmjs.org/delayed-stream/-/delayed-stream-1.0.0.tgz",
      "integrity": "sha1-3zrhmayt+31ECqrgsp4icrJOxhk="
    },
    "dom-serializer": {
      "version": "0.1.0",
      "resolved": "https://registry.npmjs.org/dom-serializer/-/dom-serializer-0.1.0.tgz",
      "integrity": "sha1-BzxpdUbOB4DOI75KKOKT5AvDDII=",
      "requires": {
        "domelementtype": "1.1.3",
        "entities": "1.1.1"
      },
      "dependencies": {
        "domelementtype": {
          "version": "1.1.3",
          "resolved": "https://registry.npmjs.org/domelementtype/-/domelementtype-1.1.3.tgz",
          "integrity": "sha1-vSh3PiZCiBrsUVRJJCmcXNgiGFs="
        }
      }
    },
    "domelementtype": {
      "version": "1.3.0",
      "resolved": "https://registry.npmjs.org/domelementtype/-/domelementtype-1.3.0.tgz",
      "integrity": "sha1-sXrtguirWeUt2cGbF1bg/BhyBMI="
    },
    "domhandler": {
      "version": "2.4.1",
      "resolved": "https://registry.npmjs.org/domhandler/-/domhandler-2.4.1.tgz",
      "integrity": "sha1-iS5HAAqZvlW783dP/qBWHYh5wlk=",
      "requires": {
        "domelementtype": "1.3.0"
      }
    },
    "domutils": {
      "version": "1.5.1",
      "resolved": "https://registry.npmjs.org/domutils/-/domutils-1.5.1.tgz",
      "integrity": "sha1-3NhIiib1Y9YQeeSMn3t+Mjc2gs8=",
      "requires": {
        "dom-serializer": "0.1.0",
        "domelementtype": "1.3.0"
      }
    },
    "ecc-jsbn": {
      "version": "0.1.1",
      "resolved": "https://registry.npmjs.org/ecc-jsbn/-/ecc-jsbn-0.1.1.tgz",
      "integrity": "sha1-D8c6ntXw1Tw4GTOYUj735UN3dQU=",
      "optional": true,
      "requires": {
        "jsbn": "0.1.1"
      }
    },
    "encoding": {
      "version": "0.1.12",
      "resolved": "https://registry.npmjs.org/encoding/-/encoding-0.1.12.tgz",
      "integrity": "sha1-U4tm8+5izRq1HsMjgp0flIDHS+s=",
      "requires": {
        "iconv-lite": "0.4.19"
      }
    },
    "entities": {
      "version": "1.1.1",
      "resolved": "https://registry.npmjs.org/entities/-/entities-1.1.1.tgz",
      "integrity": "sha1-blwtClYhtdra7O+AuQ7ftc13cvA="
    },
    "es6-promise": {
      "version": "4.2.4",
      "resolved": "https://registry.npmjs.org/es6-promise/-/es6-promise-4.2.4.tgz",
      "integrity": "sha512-/NdNZVJg+uZgtm9eS3O6lrOLYmQag2DjdEXuPaHlZ6RuVqgqaVZfgYCepEIKsLqwdQArOPtC3XzRLqGGfT8KQQ=="
    },
    "extend": {
      "version": "3.0.1",
      "resolved": "https://registry.npmjs.org/extend/-/extend-3.0.1.tgz",
      "integrity": "sha1-p1Xqe8Gt/MWjHOfnYtuq3F5jZEQ="
    },
    "extract-zip": {
      "version": "1.6.6",
      "resolved": "https://registry.npmjs.org/extract-zip/-/extract-zip-1.6.6.tgz",
      "integrity": "sha1-EpDt6NINCHK0Kf0/NRyhKOxe+Fw=",
      "requires": {
        "concat-stream": "1.6.0",
        "debug": "2.6.9",
        "mkdirp": "0.5.0",
        "yauzl": "2.4.1"
      }
    },
    "extsprintf": {
      "version": "1.3.0",
      "resolved": "https://registry.npmjs.org/extsprintf/-/extsprintf-1.3.0.tgz",
      "integrity": "sha1-lpGEQOMEGnpBT4xS48V06zw+HgU="
    },
    "fast-deep-equal": {
      "version": "1.1.0",
      "resolved": "https://registry.npmjs.org/fast-deep-equal/-/fast-deep-equal-1.1.0.tgz",
      "integrity": "sha1-wFNHeBfIa1HaqFPIHgWbcz0CNhQ="
    },
    "fast-json-stable-stringify": {
      "version": "2.0.0",
      "resolved": "https://registry.npmjs.org/fast-json-stable-stringify/-/fast-json-stable-stringify-2.0.0.tgz",
      "integrity": "sha1-1RQsDK7msRifh9OnYREGT4bIu/I="
    },
    "fd-slicer": {
      "version": "1.0.1",
      "resolved": "https://registry.npmjs.org/fd-slicer/-/fd-slicer-1.0.1.tgz",
      "integrity": "sha1-i1vL2ewyfFBBv5qwI/1nUPEXfmU=",
      "requires": {
        "pend": "1.2.0"
      }
    },
    "forever-agent": {
      "version": "0.6.1",
      "resolved": "https://registry.npmjs.org/forever-agent/-/forever-agent-0.6.1.tgz",
      "integrity": "sha1-+8cfDEGt6zf5bFd60e1C2P2sypE="
    },
    "form-data": {
      "version": "2.3.2",
      "resolved": "https://registry.npmjs.org/form-data/-/form-data-2.3.2.tgz",
      "integrity": "sha1-SXBJi+YEwgwAXU9cI67NIda0kJk=",
      "requires": {
        "asynckit": "0.4.0",
        "combined-stream": "1.0.6",
        "mime-types": "2.1.18"
      }
    },
    "fs-extra": {
      "version": "1.0.0",
      "resolved": "https://registry.npmjs.org/fs-extra/-/fs-extra-1.0.0.tgz",
      "integrity": "sha1-zTzl9+fLYUWIP8rjGR6Yd/hYeVA=",
      "requires": {
        "graceful-fs": "4.1.11",
        "jsonfile": "2.4.0",
        "klaw": "1.3.1"
      }
    },
    "fs.realpath": {
      "version": "1.0.0",
      "resolved": "https://registry.npmjs.org/fs.realpath/-/fs.realpath-1.0.0.tgz",
      "integrity": "sha1-FQStJSMVjKpA20onh8sBQRmU6k8="
    },
    "getpass": {
      "version": "0.1.7",
      "resolved": "https://registry.npmjs.org/getpass/-/getpass-0.1.7.tgz",
      "integrity": "sha1-Xv+OPmhNVprkyysSgmBOi6YhSfo=",
      "requires": {
        "assert-plus": "1.0.0"
      }
    },
    "glob": {
      "version": "7.1.2",
      "resolved": "https://registry.npmjs.org/glob/-/glob-7.1.2.tgz",
      "integrity": "sha1-wZyd+aAocC1nhhI4SmVSQExjbRU=",
      "requires": {
        "fs.realpath": "1.0.0",
        "inflight": "1.0.6",
        "inherits": "2.0.3",
        "minimatch": "3.0.4",
        "once": "1.4.0",
        "path-is-absolute": "1.0.1"
      }
    },
    "graceful-fs": {
      "version": "4.1.11",
      "resolved": "https://registry.npmjs.org/graceful-fs/-/graceful-fs-4.1.11.tgz",
      "integrity": "sha1-Dovf5NHduIVNZOBOp8AOKgJuVlg="
    },
    "har-schema": {
      "version": "2.0.0",
      "resolved": "https://registry.npmjs.org/har-schema/-/har-schema-2.0.0.tgz",
      "integrity": "sha1-qUwiJOvKwEeCoNkDVSHyRzW37JI="
    },
    "har-validator": {
      "version": "5.0.3",
      "resolved": "https://registry.npmjs.org/har-validator/-/har-validator-5.0.3.tgz",
      "integrity": "sha1-ukAsJmGU8VlW7xXg/PJCmT9qff0=",
      "requires": {
        "ajv": "5.5.2",
        "har-schema": "2.0.0"
      }
    },
    "hasha": {
      "version": "2.2.0",
      "resolved": "https://registry.npmjs.org/hasha/-/hasha-2.2.0.tgz",
      "integrity": "sha1-eNfL/B5tZjA/55g3NlmEUXsvbuE=",
      "requires": {
        "is-stream": "1.1.0",
        "pinkie-promise": "2.0.1"
      }
    },
    "hawk": {
      "version": "6.0.2",
      "resolved": "https://registry.npmjs.org/hawk/-/hawk-6.0.2.tgz",
      "integrity": "sha512-miowhl2+U7Qle4vdLqDdPt9m09K6yZhkLDTWGoUiUzrQCn+mHHSmfJgAyGaLRZbPmTqfFFjRV1QWCW0VWUJBbQ==",
      "requires": {
        "boom": "4.3.1",
        "cryptiles": "3.1.2",
        "hoek": "4.2.1",
        "sntp": "2.1.0"
      }
    },
    "highlight.js": {
      "version": "9.12.0",
      "resolved": "https://registry.npmjs.org/highlight.js/-/highlight.js-9.12.0.tgz",
      "integrity": "sha1-5tnb5Xy+/mB1HwKvM2GVhwyQwB4="
    },
    "hoek": {
      "version": "4.2.1",
      "resolved": "https://registry.npmjs.org/hoek/-/hoek-4.2.1.tgz",
      "integrity": "sha512-QLg82fGkfnJ/4iy1xZ81/9SIJiq1NGFUMGs6ParyjBZr6jW2Ufj/snDqTHixNlHdPNwN2RLVD0Pi3igeK9+JfA=="
    },
    "html-pdf": {
      "version": "2.2.0",
      "resolved": "https://registry.npmjs.org/html-pdf/-/html-pdf-2.2.0.tgz",
      "integrity": "sha1-S8+Rwky1YOR6o/rP0DPg4b8kG5E=",
      "requires": {
        "phantomjs-prebuilt": "2.1.16"
      }
    },
    "htmlparser2": {
      "version": "3.9.2",
      "resolved": "https://registry.npmjs.org/htmlparser2/-/htmlparser2-3.9.2.tgz",
      "integrity": "sha1-G9+HrMoPP55T+k/M6w9LTLsAszg=",
      "requires": {
        "domelementtype": "1.3.0",
        "domhandler": "2.4.1",
        "domutils": "1.5.1",
        "entities": "1.1.1",
        "inherits": "2.0.3",
        "readable-stream": "2.3.5"
      }
    },
    "http-signature": {
      "version": "1.2.0",
      "resolved": "https://registry.npmjs.org/http-signature/-/http-signature-1.2.0.tgz",
      "integrity": "sha1-muzZJRFHcvPZW2WmCruPfBj7rOE=",
      "requires": {
        "assert-plus": "1.0.0",
        "jsprim": "1.4.1",
        "sshpk": "1.13.1"
      }
    },
    "iconv-lite": {
      "version": "0.4.19",
      "resolved": "https://registry.npmjs.org/iconv-lite/-/iconv-lite-0.4.19.tgz",
      "integrity": "sha1-90aPYBNfXl2tM5nAqBvpoWA6CCs="
    },
    "inflight": {
      "version": "1.0.6",
      "resolved": "https://registry.npmjs.org/inflight/-/inflight-1.0.6.tgz",
      "integrity": "sha1-Sb1jMdfQLQwJvJEKEHW6gWW1bfk=",
      "requires": {
        "once": "1.4.0",
        "wrappy": "1.0.2"
      }
    },
    "inherits": {
      "version": "2.0.3",
      "resolved": "https://registry.npmjs.org/inherits/-/inherits-2.0.3.tgz",
      "integrity": "sha1-Yzwsg+PaQqUC9SRmAiSA9CCCYd4="
    },
    "is-stream": {
      "version": "1.1.0",
      "resolved": "https://registry.npmjs.org/is-stream/-/is-stream-1.1.0.tgz",
      "integrity": "sha1-EtSj3U5o4Lec6428hBc66A2RykQ="
    },
    "is-typedarray": {
      "version": "1.0.0",
      "resolved": "https://registry.npmjs.org/is-typedarray/-/is-typedarray-1.0.0.tgz",
      "integrity": "sha1-5HnICFjfDBsR3dppQPlgEfzaSpo="
    },
    "isarray": {
      "version": "1.0.0",
      "resolved": "https://registry.npmjs.org/isarray/-/isarray-1.0.0.tgz",
      "integrity": "sha1-u5NdSFgsuhaMBoNJV6VKPgcSTxE="
    },
    "isexe": {
      "version": "2.0.0",
      "resolved": "https://registry.npmjs.org/isexe/-/isexe-2.0.0.tgz",
      "integrity": "sha1-6PvzdNxVb/iUehDcsFctYz8s+hA="
    },
    "isstream": {
      "version": "0.1.2",
      "resolved": "https://registry.npmjs.org/isstream/-/isstream-0.1.2.tgz",
      "integrity": "sha1-R+Y/evVa+m+S4VAOaQ64uFKcCZo="
    },
    "jsbn": {
      "version": "0.1.1",
      "resolved": "https://registry.npmjs.org/jsbn/-/jsbn-0.1.1.tgz",
      "integrity": "sha1-peZUwuWi3rXyAdls77yoDA7y9RM=",
      "optional": true
    },
    "json-schema": {
      "version": "0.2.3",
      "resolved": "https://registry.npmjs.org/json-schema/-/json-schema-0.2.3.tgz",
      "integrity": "sha1-tIDIkuWaLwWVTOcnvT8qTogvnhM="
    },
    "json-schema-traverse": {
      "version": "0.3.1",
      "resolved": "https://registry.npmjs.org/json-schema-traverse/-/json-schema-traverse-0.3.1.tgz",
      "integrity": "sha1-NJptRMU6Ud6JtAgFxdXlm0F9M0A="
    },
    "json-stringify-safe": {
      "version": "5.0.1",
      "resolved": "https://registry.npmjs.org/json-stringify-safe/-/json-stringify-safe-5.0.1.tgz",
      "integrity": "sha1-Epai1Y/UXxmg9s4B1lcB4sc1tus="
    },
    "jsonfile": {
      "version": "2.4.0",
      "resolved": "https://registry.npmjs.org/jsonfile/-/jsonfile-2.4.0.tgz",
      "integrity": "sha1-NzaitCi4e72gzIO1P6PWM6NcKug=",
      "requires": {
        "graceful-fs": "4.1.11"
      }
    },
    "jsprim": {
      "version": "1.4.1",
      "resolved": "https://registry.npmjs.org/jsprim/-/jsprim-1.4.1.tgz",
      "integrity": "sha1-MT5mvB5cwG5Di8G3SZwuXFastqI=",
      "requires": {
        "assert-plus": "1.0.0",
        "extsprintf": "1.3.0",
        "json-schema": "0.2.3",
        "verror": "1.10.0"
      }
    },
    "kew": {
      "version": "0.7.0",
      "resolved": "https://registry.npmjs.org/kew/-/kew-0.7.0.tgz",
      "integrity": "sha1-edk9LTM2PW/dKXCzNdkUGtWR15s="
    },
    "klaw": {
      "version": "1.3.1",
      "resolved": "https://registry.npmjs.org/klaw/-/klaw-1.3.1.tgz",
      "integrity": "sha1-QIhDO0azsbolnXh4XY6W9zugJDk=",
      "requires": {
        "graceful-fs": "4.1.11"
      }
    },
    "linkify-it": {
      "version": "2.0.3",
      "resolved": "https://registry.npmjs.org/linkify-it/-/linkify-it-2.0.3.tgz",
      "integrity": "sha1-2UpGSPmxwXnWT6lykSaL22zpQ08=",
      "requires": {
        "uc.micro": "1.0.5"
      }
    },
    "lodash": {
      "version": "4.17.5",
      "resolved": "https://registry.npmjs.org/lodash/-/lodash-4.17.5.tgz",
      "integrity": "sha1-maktZcAnLevoyWtgV7yPv6O+1RE="
    },
    "lodash.flow": {
      "version": "3.5.0",
      "resolved": "https://registry.npmjs.org/lodash.flow/-/lodash.flow-3.5.0.tgz",
      "integrity": "sha1-h79AKSuM+D5OjOGjrkIJ4gBxZ1o="
    },
    "markdown-it": {
      "version": "8.4.1",
      "resolved": "https://registry.npmjs.org/markdown-it/-/markdown-it-8.4.1.tgz",
      "integrity": "sha1-IG/lmw5OG3inxzJQr5s0pK0Kr0Q=",
      "requires": {
        "argparse": "1.0.10",
        "entities": "1.1.1",
        "linkify-it": "2.0.3",
        "mdurl": "1.0.1",
        "uc.micro": "1.0.5"
      }
    },
    "markdown-it-checkbox": {
      "version": "1.1.0",
      "resolved": "https://registry.npmjs.org/markdown-it-checkbox/-/markdown-it-checkbox-1.1.0.tgz",
      "integrity": "sha1-IM/5fzPXfRcvnc8bz8ks7MUzD6w=",
      "requires": {
        "underscore": "1.8.3"
      }
    },
    "markdown-it-emoji": {
      "version": "1.4.0",
      "resolved": "https://registry.npmjs.org/markdown-it-emoji/-/markdown-it-emoji-1.4.0.tgz",
      "integrity": "sha1-m+4OmpkKljupbfaYDE/dsF37Tcw="
    },
    "markdown-it-footnote": {
      "version": "3.0.1",
      "resolved": "https://registry.npmjs.org/markdown-it-footnote/-/markdown-it-footnote-3.0.1.tgz",
      "integrity": "sha1-fzcwdHysyG4v4L+KF6cQ80eRUXo="
    },
    "markdown-it-highlightjs": {
      "version": "3.0.0",
      "resolved": "https://registry.npmjs.org/markdown-it-highlightjs/-/markdown-it-highlightjs-3.0.0.tgz",
      "integrity": "sha1-7T3WGcormOa/IRLRY79EQEM0AhA=",
      "requires": {
        "highlight.js": "9.12.0",
        "lodash.flow": "3.5.0"
      }
    },
    "markdown-it-imsize": {
      "version": "2.0.1",
      "resolved": "https://registry.npmjs.org/markdown-it-imsize/-/markdown-it-imsize-2.0.1.tgz",
      "integrity": "sha1-zKBCeQXQUziiR8ucqdloxc3dUXA="
    },
    "markdown-it-smartarrows": {
      "version": "1.0.1",
      "resolved": "https://registry.npmjs.org/markdown-it-smartarrows/-/markdown-it-smartarrows-1.0.1.tgz",
      "integrity": "sha1-tXDpwP+YEuDbas4Zr6W6ErZLuac="
    },
    "markdown-it-toc-and-anchor": {
      "version": "4.1.2",
      "resolved": "https://registry.npmjs.org/markdown-it-toc-and-anchor/-/markdown-it-toc-and-anchor-4.1.2.tgz",
      "integrity": "sha1-snH2lKcL9xnmtygFbXvZMdNkIU0=",
      "requires": {
        "clone": "2.1.1",
        "uslug": "1.0.4"
      }
    },
    "mdurl": {
      "version": "1.0.1",
      "resolved": "https://registry.npmjs.org/mdurl/-/mdurl-1.0.1.tgz",
      "integrity": "sha1-/oWy7HWlkDfyrf7BAP1sYBdhFS4="
    },
    "mime-db": {
      "version": "1.33.0",
      "resolved": "https://registry.npmjs.org/mime-db/-/mime-db-1.33.0.tgz",
      "integrity": "sha512-BHJ/EKruNIqJf/QahvxwQZXKygOQ256myeN/Ew+THcAa5q+PjyTTMMeNQC4DZw5AwfvelsUrA6B67NKMqXDbzQ=="
    },
    "mime-types": {
      "version": "2.1.18",
      "resolved": "https://registry.npmjs.org/mime-types/-/mime-types-2.1.18.tgz",
      "integrity": "sha512-lc/aahn+t4/SWV/qcmumYjymLsWfN3ELhpmVuUFjgsORruuZPVSwAQryq+HHGvO/SI2KVX26bx+En+zhM8g8hQ==",
      "requires": {
        "mime-db": "1.33.0"
      }
    },
    "minimatch": {
      "version": "3.0.4",
      "resolved": "https://registry.npmjs.org/minimatch/-/minimatch-3.0.4.tgz",
      "integrity": "sha1-UWbihkV/AzBgZL5Ul+jbsMPTIIM=",
      "requires": {
        "brace-expansion": "1.1.11"
      }
    },
    "minimist": {
      "version": "0.0.8",
      "resolved": "https://registry.npmjs.org/minimist/-/minimist-0.0.8.tgz",
      "integrity": "sha1-hX/Kv8M5fSYluCKCYuhqp6ARsF0="
    },
    "mkdirp": {
      "version": "0.5.0",
      "resolved": "https://registry.npmjs.org/mkdirp/-/mkdirp-0.5.0.tgz",
      "integrity": "sha1-HXMHam35hs2TROFecfzAWkyavxI=",
      "requires": {
        "minimist": "0.0.8"
      }
    },
    "ms": {
      "version": "2.0.0",
      "resolved": "https://registry.npmjs.org/ms/-/ms-2.0.0.tgz",
      "integrity": "sha1-VgiurfwAvmwpAd9fmGF4jeDVl8g="
    },
    "ncp": {
      "version": "2.0.0",
      "resolved": "https://registry.npmjs.org/ncp/-/ncp-2.0.0.tgz",
      "integrity": "sha1-GVoh1sRuNh0vsSgbo4uR6d9727M="
    },
    "nth-check": {
      "version": "1.0.1",
      "resolved": "https://registry.npmjs.org/nth-check/-/nth-check-1.0.1.tgz",
      "integrity": "sha1-mSms32KPwsQQmN6rgqxYDPFJquQ=",
      "requires": {
        "boolbase": "1.0.0"
      }
    },
    "oauth-sign": {
      "version": "0.8.2",
      "resolved": "https://registry.npmjs.org/oauth-sign/-/oauth-sign-0.8.2.tgz",
      "integrity": "sha1-Rqarfwrq2N6unsBWV4C31O/rnUM="
    },
    "once": {
      "version": "1.4.0",
      "resolved": "https://registry.npmjs.org/once/-/once-1.4.0.tgz",
      "integrity": "sha1-WDsap3WWHUsROsF9nFC6753Xa9E=",
      "requires": {
        "wrappy": "1.0.2"
      }
    },
    "parse5": {
      "version": "3.0.3",
      "resolved": "https://registry.npmjs.org/parse5/-/parse5-3.0.3.tgz",
      "integrity": "sha1-BC95L/3TaFFVHPTp4Gazh0q0W1w=",
      "requires": {
        "@types/node": "9.4.6"
      }
    },
    "path-is-absolute": {
      "version": "1.0.1",
      "resolved": "https://registry.npmjs.org/path-is-absolute/-/path-is-absolute-1.0.1.tgz",
      "integrity": "sha1-F0uSaHNVNP+8es5r9TpanhtcX18="
    },
    "pend": {
      "version": "1.2.0",
      "resolved": "https://registry.npmjs.org/pend/-/pend-1.2.0.tgz",
      "integrity": "sha1-elfrVQpng/kRUzH89GY9XI4AelA="
    },
    "performance-now": {
      "version": "2.1.0",
      "resolved": "https://registry.npmjs.org/performance-now/-/performance-now-2.1.0.tgz",
      "integrity": "sha1-Ywn04OX6kT7BxpMHrjZLSzd8nns="
    },
    "phantomjs-prebuilt": {
      "version": "2.1.16",
      "resolved": "https://registry.npmjs.org/phantomjs-prebuilt/-/phantomjs-prebuilt-2.1.16.tgz",
      "integrity": "sha1-79ISpKOWbTZHaE6ouniFSb4q7+8=",
      "requires": {
        "es6-promise": "4.2.4",
        "extract-zip": "1.6.6",
        "fs-extra": "1.0.0",
        "hasha": "2.2.0",
        "kew": "0.7.0",
        "progress": "1.1.8",
        "request": "2.83.0",
        "request-progress": "2.0.1",
        "which": "1.3.0"
      }
    },
    "pinkie": {
      "version": "2.0.4",
      "resolved": "https://registry.npmjs.org/pinkie/-/pinkie-2.0.4.tgz",
      "integrity": "sha1-clVrgM+g1IqXToDnckjoDtT3+HA="
    },
    "pinkie-promise": {
      "version": "2.0.1",
      "resolved": "https://registry.npmjs.org/pinkie-promise/-/pinkie-promise-2.0.1.tgz",
      "integrity": "sha1-ITXW36ejWMBprJsXh3YogihFD/o=",
      "requires": {
        "pinkie": "2.0.4"
      }
    },
    "process-nextick-args": {
      "version": "2.0.0",
      "resolved": "https://registry.npmjs.org/process-nextick-args/-/process-nextick-args-2.0.0.tgz",
      "integrity": "sha1-o31zL0JxtKsa0HDTVQjoKQeI/6o="
    },
    "progress": {
      "version": "1.1.8",
      "resolved": "https://registry.npmjs.org/progress/-/progress-1.1.8.tgz",
      "integrity": "sha1-4mDHj2Fhzdmw5WzD4Khd4Xx6V74="
    },
    "punycode": {
      "version": "1.4.1",
      "resolved": "https://registry.npmjs.org/punycode/-/punycode-1.4.1.tgz",
      "integrity": "sha1-wNWmOycYgArY4esPpSachN1BhF4="
    },
    "qs": {
      "version": "6.5.1",
      "resolved": "https://registry.npmjs.org/qs/-/qs-6.5.1.tgz",
      "integrity": "sha512-eRzhrN1WSINYCDCbrz796z37LOe3m5tmW7RQf6oBntukAG1nmovJvhnwHHRMAfeoItc1m2Hk02WER2aQ/iqs+A=="
    },
    "readable-stream": {
      "version": "2.3.5",
      "resolved": "https://registry.npmjs.org/readable-stream/-/readable-stream-2.3.5.tgz",
      "integrity": "sha1-tPhQA6k4y7bsvOKhJPsQEr0ag40=",
      "requires": {
        "core-util-is": "1.0.2",
        "inherits": "2.0.3",
        "isarray": "1.0.0",
        "process-nextick-args": "2.0.0",
        "safe-buffer": "5.1.1",
        "string_decoder": "1.0.3",
        "util-deprecate": "1.0.2"
      }
    },
    "request": {
      "version": "2.83.0",
      "resolved": "https://registry.npmjs.org/request/-/request-2.83.0.tgz",
      "integrity": "sha512-lR3gD69osqm6EYLk9wB/G1W/laGWjzH90t1vEa2xuxHD5KUrSzp9pUSfTm+YC5Nxt2T8nMPEvKlhbQayU7bgFw==",
      "requires": {
        "aws-sign2": "0.7.0",
        "aws4": "1.6.0",
        "caseless": "0.12.0",
        "combined-stream": "1.0.6",
        "extend": "3.0.1",
        "forever-agent": "0.6.1",
        "form-data": "2.3.2",
        "har-validator": "5.0.3",
        "hawk": "6.0.2",
        "http-signature": "1.2.0",
        "is-typedarray": "1.0.0",
        "isstream": "0.1.2",
        "json-stringify-safe": "5.0.1",
        "mime-types": "2.1.18",
        "oauth-sign": "0.8.2",
        "performance-now": "2.1.0",
        "qs": "6.5.1",
        "safe-buffer": "5.1.1",
        "stringstream": "0.0.5",
        "tough-cookie": "2.3.4",
        "tunnel-agent": "0.6.0",
        "uuid": "3.2.1"
      }
    },
    "request-progress": {
      "version": "2.0.1",
      "resolved": "https://registry.npmjs.org/request-progress/-/request-progress-2.0.1.tgz",
      "integrity": "sha1-XTa7V5YcZzqlt4jbyBQf3yO0Tgg=",
      "requires": {
        "throttleit": "1.0.0"
      }
    },
    "rimraf": {
      "version": "2.6.2",
      "resolved": "https://registry.npmjs.org/rimraf/-/rimraf-2.6.2.tgz",
      "integrity": "sha1-LtgVDSShbqhlHm1u8PR8QVjOejY=",
      "requires": {
        "glob": "7.1.2"
      }
    },
    "safe-buffer": {
      "version": "5.1.1",
      "resolved": "https://registry.npmjs.org/safe-buffer/-/safe-buffer-5.1.1.tgz",
      "integrity": "sha1-iTMSr2myEj3vcfV4iQAWce6yyFM="
    },
    "sntp": {
      "version": "2.1.0",
      "resolved": "https://registry.npmjs.org/sntp/-/sntp-2.1.0.tgz",
      "integrity": "sha512-FL1b58BDrqS3A11lJ0zEdnJ3UOKqVxawAkF3k7F0CVN7VQ34aZrV+G8BZ1WC9ZL7NyrwsW0oviwsWDgRuVYtJg==",
      "requires": {
        "hoek": "4.2.1"
      }
    },
    "sprintf-js": {
      "version": "1.0.3",
      "resolved": "https://registry.npmjs.org/sprintf-js/-/sprintf-js-1.0.3.tgz",
      "integrity": "sha1-BOaSb2YolTVPPdAVIDYzuFcpfiw="
    },
    "sshpk": {
      "version": "1.13.1",
      "resolved": "https://registry.npmjs.org/sshpk/-/sshpk-1.13.1.tgz",
      "integrity": "sha1-US322mKHFEMW3EwY/hzx2UBzm+M=",
      "requires": {
        "asn1": "0.2.3",
        "assert-plus": "1.0.0",
        "bcrypt-pbkdf": "1.0.1",
        "dashdash": "1.14.1",
        "ecc-jsbn": "0.1.1",
        "getpass": "0.1.7",
        "jsbn": "0.1.1",
        "tweetnacl": "0.14.5"
      }
    },
    "string_decoder": {
      "version": "1.0.3",
      "resolved": "https://registry.npmjs.org/string_decoder/-/string_decoder-1.0.3.tgz",
      "integrity": "sha1-D8Z9fBQYJd6UKC3VNr7GubzoYKs=",
      "requires": {
        "safe-buffer": "5.1.1"
      }
    },
    "stringstream": {
      "version": "0.0.5",
      "resolved": "https://registry.npmjs.org/stringstream/-/stringstream-0.0.5.tgz",
      "integrity": "sha1-TkhM1N5aC7vuGORjB3EKioFiGHg="
    },
    "throttleit": {
      "version": "1.0.0",
      "resolved": "https://registry.npmjs.org/throttleit/-/throttleit-1.0.0.tgz",
      "integrity": "sha1-nnhYNtr0Z0MUWlmEtiaNgoUorGw="
    },
    "tough-cookie": {
      "version": "2.3.4",
      "resolved": "https://registry.npmjs.org/tough-cookie/-/tough-cookie-2.3.4.tgz",
      "integrity": "sha512-TZ6TTfI5NtZnuyy/Kecv+CnoROnyXn2DN97LontgQpCwsX2XyLYCC0ENhYkehSOwAp8rTQKc/NUIF7BkQ5rKLA==",
      "requires": {
        "punycode": "1.4.1"
      }
    },
    "tunnel-agent": {
      "version": "0.6.0",
      "resolved": "https://registry.npmjs.org/tunnel-agent/-/tunnel-agent-0.6.0.tgz",
      "integrity": "sha1-J6XeoGs2sEoKmWZ3SykIaPD8QP0=",
      "requires": {
        "safe-buffer": "5.1.1"
      }
    },
    "tweetnacl": {
      "version": "0.14.5",
      "resolved": "https://registry.npmjs.org/tweetnacl/-/tweetnacl-0.14.5.tgz",
      "integrity": "sha1-WuaBd/GS1EViadEIr6k/+HQ/T2Q=",
      "optional": true
    },
    "typedarray": {
      "version": "0.0.6",
      "resolved": "https://registry.npmjs.org/typedarray/-/typedarray-0.0.6.tgz",
      "integrity": "sha1-hnrHTjhkGHsdPUfZlqeOxciDB3c="
    },
    "uc.micro": {
      "version": "1.0.5",
      "resolved": "https://registry.npmjs.org/uc.micro/-/uc.micro-1.0.5.tgz",
      "integrity": "sha1-DGXxX4FaoItWCmHOi023/8P0U3Y="
    },
    "underscore": {
      "version": "1.8.3",
      "resolved": "https://registry.npmjs.org/underscore/-/underscore-1.8.3.tgz",
      "integrity": "sha1-Tz+1OxBuYJf8+ctBCfKl6b36UCI="
    },
    "unorm": {
      "version": "1.4.1",
      "resolved": "https://registry.npmjs.org/unorm/-/unorm-1.4.1.tgz",
      "integrity": "sha1-NkIA1fE2RsqLzURJAnEzVhR5IwA="
    },
    "uslug": {
      "version": "1.0.4",
      "resolved": "https://registry.npmjs.org/uslug/-/uslug-1.0.4.tgz",
      "integrity": "sha1-uaIvCRTgqGFAYz2swwLl9PpFBnc=",
      "requires": {
        "unorm": "1.4.1"
      }
    },
    "util-deprecate": {
      "version": "1.0.2",
      "resolved": "https://registry.npmjs.org/util-deprecate/-/util-deprecate-1.0.2.tgz",
      "integrity": "sha1-RQ1Nyfpw3nMnYvvS1KKJgUGaDM8="
    },
    "uuid": {
      "version": "3.2.1",
      "resolved": "https://registry.npmjs.org/uuid/-/uuid-3.2.1.tgz",
      "integrity": "sha512-jZnMwlb9Iku/O3smGWvZhauCf6cvvpKi4BKRiliS3cxnI+Gz9j5MEpTz2UFuXiKPJocb7gnsLHwiS05ige5BEA=="
    },
    "verror": {
      "version": "1.10.0",
      "resolved": "https://registry.npmjs.org/verror/-/verror-1.10.0.tgz",
      "integrity": "sha1-OhBcoXBTr1XW4nDB+CiGguGNpAA=",
      "requires": {
        "assert-plus": "1.0.0",
        "core-util-is": "1.0.2",
        "extsprintf": "1.3.0"
      }
    },
    "which": {
      "version": "1.3.0",
      "resolved": "https://registry.npmjs.org/which/-/which-1.3.0.tgz",
      "integrity": "sha512-xcJpopdamTuY5duC/KnTTNBraPK54YwpenP4lzxU8H91GudWpFv38u0CKjclE1Wi2EH2EDz5LRcHcKbCIzqGyg==",
      "requires": {
        "isexe": "2.0.0"
      }
    },
    "wrappy": {
      "version": "1.0.2",
      "resolved": "https://registry.npmjs.org/wrappy/-/wrappy-1.0.2.tgz",
      "integrity": "sha1-tSQ9jz7BqjXxNkYFvA0QNuMKtp8="
    },
    "yauzl": {
      "version": "2.4.1",
      "resolved": "https://registry.npmjs.org/yauzl/-/yauzl-2.4.1.tgz",
      "integrity": "sha1-lSj0QtqxsihOWLQ3m7GU4i4MQAU=",
      "requires": {
        "fd-slicer": "1.0.1"
      }
    }
  }
}
